Microsoft Visual Studio Solution File, Format Version 11.00
# Visual Studio 2008

Project("{1C495009-F6E7-DDCD-3937-F7C7394E92E3}") = "3DSmartHome", "Assembly-CSharp-firstpass.csproj", "{BC3AFC44-C7F3-331A-DE52-91009DC95A3F}"
EndProject
Project("{1C495009-F6E7-DDCD-3937-F7C7394E92E3}") = "3DSmartHome", "Assembly-CSharp.csproj", "{36A61513-D513-0387-5C42-85B4130942CC}"
EndProject
Global
	GlobalSection(SolutionConfigurationPlatforms) = preSolution
		Debug|Any CPU = Debug|Any CPU
		Release|Any CPU = Release|Any CPU
	EndGlobalSection
	GlobalSection(ProjectConfigurationPlatforms) = postSolution
		{BC3AFC44-C7F3-331A-DE52-91009DC95A3F}.Debug|Any CPU.ActiveCfg = Debug|Any CPU
		{BC3AFC44-C7F3-331A-DE52-91009DC95A3F}.Debug|Any CPU.Build.0 = Debug|Any CPU
		{BC3AFC44-C7F3-331A-DE52-91009DC95A3F}.Release|Any CPU.ActiveCfg = Release|Any CPU
		{BC3AFC44-C7F3-331A-DE52-91009DC95A3F}.Release|Any CPU.Build.0 = Release|Any CPU
		{36A61513-D513-0387-5C42-85B4130942CC}.Debug|Any CPU.ActiveCfg = Debug|Any CPU
		{36A61513-D513-0387-5C42-85B4130942CC}.Debug|Any CPU.Build.0 = Debug|Any CPU
		{36A61513-D513-0387-5C42-85B4130942CC}.Release|Any CPU.ActiveCfg = Release|Any CPU
		{36A61513-D513-0387-5C42-85B4130942CC}.Release|Any CPU.Build.0 = Release|Any CPU
	EndGlobalSection
	GlobalSection(SolutionProperties) = preSolution
		HideSolutionNode = FALSE
	EndGlobalSection
	GlobalSection(MonoDevelopProperties) = preSolution
		StartupItem = Assembly-CSharp.csproj
	EndGlobalSection
EndGlobal
